
Microsoft Visual Studio Solution File, Format Version 12.00
# Visual Studio Version 16
VisualStudioVersion = 16.0.30309.148
MinimumVisualStudioVersion = 10.0.40219.1
Project("{9AC838F7-5347-410F-B08D-ACCC263037E0}") = "Azure.ResourceManager.Maintenance", "src\Azure.ResourceManager.Maintenance.csproj", "{C02DCFAA-5CFE-49D9-BB69-E0453AE26432}"
EndProject
Project("{9AC838F7-5347-410F-B08D-ACCC263037E0}") = "Azure.ResourceManager.Maintenance.Tests", "tests\Azure.ResourceManager.Maintenance.Tests.csproj", "{D5419C5E-11CD-4EC2-906B-506E9DCCACD5}"
EndProject
Global
	GlobalSection(SolutionProperties) = preSolution
		HideSolutionNode = FALSE
	EndGlobalSection
	GlobalSection(ExtensibilityGlobals) = postSolution
		SolutionGuid = {19732CA0-A1F1-4299-BAB9-CEE3EF919C30}
	EndGlobalSection
	GlobalSection(SolutionConfigurationPlatforms) = preSolution
		Debug|Any CPU = Debug|Any CPU
		Debug|x64 = Debug|x64
		Debug|x86 = Debug|x86
		Release|Any CPU = Release|Any CPU
		Release|x64 = Release|x64
		Release|x86 = Release|x86
	EndGlobalSection
	GlobalSection(ProjectConfigurationPlatforms) = postSolution
		{C02DCFAA-5CFE-49D9-BB69-E0453AE26432}.Debug|Any CPU.ActiveCfg = Debug|Any CPU
		{C02DCFAA-5CFE-49D9-BB69-E0453AE26432}.Debug|Any CPU.Build.0 = Debug|Any CPU
		{C02DCFAA-5CFE-49D9-BB69-E0453AE26432}.Debug|x64.ActiveCfg = Debug|Any CPU
		{C02DCFAA-5CFE-49D9-BB69-E0453AE26432}.Debug|x64.Build.0 = Debug|Any CPU
		{C02DCFAA-5CFE-49D9-BB69-E0453AE26432}.Debug|x86.ActiveCfg = Debug|Any CPU
		{C02DCFAA-5CFE-49D9-BB69-E0453AE26432}.Debug|x86.Build.0 = Debug|Any CPU
		{C02DCFAA-5CFE-49D9-BB69-E0453AE26432}.Release|Any CPU.ActiveCfg = Release|Any CPU
		{C02DCFAA-5CFE-49D9-BB69-E0453AE26432}.Release|Any CPU.Build.0 = Release|Any CPU
		{C02DCFAA-5CFE-49D9-BB69-E0453AE26432}.Release|x64.ActiveCfg = Release|Any CPU
		{C02DCFAA-5CFE-49D9-BB69-E0453AE26432}.Release|x64.Build.0 = Release|Any CPU
		{C02DCFAA-5CFE-49D9-BB69-E0453AE26432}.Release|x86.ActiveCfg = Release|Any CPU
		{C02DCFAA-5CFE-49D9-BB69-E0453AE26432}.Release|x86.Build.0 = Release|Any CPU
		{D5419C5E-11CD-4EC2-906B-506E9DCCACD5}.Debug|Any CPU.ActiveCfg = Debug|Any CPU
		{D5419C5E-11CD-4EC2-906B-506E9DCCACD5}.Debug|Any CPU.Build.0 = Debug|Any CPU
		{D5419C5E-11CD-4EC2-906B-506E9DCCACD5}.Debug|x64.ActiveCfg = Debug|Any CPU
		{D5419C5E-11CD-4EC2-906B-506E9DCCACD5}.Debug|x64.Build.0 = Debug|Any CPU
		{D5419C5E-11CD-4EC2-906B-506E9DCCACD5}.Debug|x86.ActiveCfg = Debug|Any CPU
		{D5419C5E-11CD-4EC2-906B-506E9DCCACD5}.Debug|x86.Build.0 = Debug|Any CPU
		{D5419C5E-11CD-4EC2-906B-506E9DCCACD5}.Release|Any CPU.ActiveCfg = Release|Any CPU
		{D5419C5E-11CD-4EC2-906B-506E9DCCACD5}.Release|Any CPU.Build.0 = Release|Any CPU
		{D5419C5E-11CD-4EC2-906B-506E9DCCACD5}.Release|x64.ActiveCfg = Release|Any CPU
		{D5419C5E-11CD-4EC2-906B-506E9DCCACD5}.Release|x64.Build.0 = Release|Any CPU
		{D5419C5E-11CD-4EC2-906B-506E9DCCACD5}.Release|x86.ActiveCfg = Release|Any CPU
		{D5419C5E-11CD-4EC2-906B-506E9DCCACD5}.Release|x86.Build.0 = Release|Any CPU
	EndGlobalSection
EndGlobal
